
Microsoft Visual Studio Solution File, Format Version 12.00
# Visual Studio Version 17
VisualStudioVersion = 17.5.002.0
MinimumVisualStudioVersion = 10.0.40219.1
Project("{9A19103F-16F7-4668-BE54-9A1E7A4F7556}") = "HelloWorld", "HelloWorld.csproj", "{74B945EE-55F8-4828-A850-E7D3E62C23BC}"
EndProject
Global
	GlobalSection(SolutionConfigurationPlatforms) = preSolution
		Debug|Any CPU = Debug|Any CPU
		Release|Any CPU = Release|Any CPU
	EndGlobalSection
	GlobalSection(ProjectConfigurationPlatforms) = postSolution
		{74B945EE-55F8-4828-A850-E7D3E62C23BC}.Debug|Any CPU.ActiveCfg = Debug|Any CPU
		{74B945EE-55F8-4828-A850-E7D3E62C23BC}.Debug|Any CPU.Build.0 = Debug|Any CPU
		{74B945EE-55F8-4828-A850-E7D3E62C23BC}.Release|Any CPU.ActiveCfg = Release|Any CPU
		{74B945EE-55F8-4828-A850-E7D3E62C23BC}.Release|Any CPU.Build.0 = Release|Any CPU
	EndGlobalSection
	GlobalSection(SolutionProperties) = preSolution
		HideSolutionNode = FALSE
	EndGlobalSection
	GlobalSection(ExtensibilityGlobals) = postSolution
		SolutionGuid = {692D4E20-211E-4342-9B68-4ACCB6819A30}
	EndGlobalSection
EndGlobal
